// !$*UTF8*$!
{
	archiveVersion = 1;
	classes = {
	};
	objectVersion = 46;
	objects = {

/* Begin PBXBuildFile section */
		82C4EB85197F1D0F007E8651 /* Foundation.framework in Frameworks */ = {isa = PBXBuildFile; fileRef = 82C4EB84197F1D0F007E8651 /* Foundation.framework */; };
		82C4EB87197F1D0F007E8651 /* CoreGraphics.framework in Frameworks */ = {isa = PBXBuildFile; fileRef = 82C4EB86197F1D0F007E8651 /* CoreGraphics.framework */; };
		82C4EB89197F1D0F007E8651 /* UIKit.framework in Frameworks */ = {isa = PBXBuildFile; fileRef = 82C4EB88197F1D0F007E8651 /* UIKit.framework */; };
		82C4EB8F197F1D0F007E8651 /* InfoPlist.strings in Resources */ = {isa = PBXBuildFile; fileRef = 82C4EB8D197F1D0F007E8651 /* InfoPlist.strings */; };
		82C4EB91197F1D0F007E8651 /* main.m in Sources */ = {isa = PBXBuildFile; fileRef = 82C4EB90197F1D0F007E8651 /* main.m */; };
		82C4EB95197F1D0F007E8651 /* AppDelegate.m in Sources */ = {isa = PBXBuildFile; fileRef = 82C4EB94197F1D0F007E8651 /* AppDelegate.m */; };
		82C4EB98197F1D0F007E8651 /* Main.storyboard in Resources */ = {isa = PBXBuildFile; fileRef = 82C4EB96197F1D0F007E8651 /* Main.storyboard */; };
		82C4EB9B197F1D0F007E8651 /* ViewController.m in Sources */ = {isa = PBXBuildFile; fileRef = 82C4EB9A197F1D0F007E8651 /* ViewController.m */; };
		82C4EB9D197F1D0F007E8651 /* Images.xcassets in Resources */ = {isa = PBXBuildFile; fileRef = 82C4EB9C197F1D0F007E8651 /* Images.xcassets */; };
		82C4EBA4197F1D0F007E8651 /* XCTest.framework in Frameworks */ = {isa = PBXBuildFile; fileRef = 82C4EBA3197F1D0F007E8651 /* XCTest.framework */; };
		82C4EBA5197F1D0F007E8651 /* Foundation.framework in Frameworks */ = {isa = PBXBuildFile; fileRef = 82C4EB84197F1D0F007E8651 /* Foundation.framework */; };
		82C4EBA6197F1D0F007E8651 /* UIKit.framework in Frameworks */ = {isa = PBXBuildFile; fileRef = 82C4EB88197F1D0F007E8651 /* UIKit.framework */; };
		82C4EBAE197F1D0F007E8651 /* InfoPlist.strings in Resources */ = {isa = PBXBuildFile; fileRef = 82C4EBAC197F1D0F007E8651 /* InfoPlist.strings */; };
		82C4EBB0197F1D0F007E8651 /* saleCalculator2Tests.m in Sources */ = {isa = PBXBuildFile; fileRef = 82C4EBAF197F1D0F007E8651 /* saleCalculator2Tests.m */; };
/* End PBXBuildFile section */

/* Begin PBXContainerItemProxy section */
		82C4EBA7197F1D0F007E8651 /* PBXContainerItemProxy */ = {
			isa = PBXContainerItemProxy;
			containerPortal = 82C4EB79197F1D0F007E8651 /* Project object */;
			proxyType = 1;
			remoteGlobalIDString = 82C4EB80197F1D0F007E8651;
			remoteInfo = saleCalculator2;
		};
/* End PBXContainerItemProxy section */

/* Begin PBXFileReference section */
		82C4EB81197F1D0F007E8651 /* saleCalculator2.app */ = {isa = PBXFileReference; explicitFileType = wrapper.application; includeInIndex = 0; path = saleCalculator2.app; sourceTree = BUILT_PRODUCTS_DIR; };
		82C4EB84197F1D0F007E8651 /* Foundation.framework */ = {isa = PBXFileReference; lastKnownFileType = wrapper.framework; name = Foundation.framework; path = System/Library/Frameworks/Foundation.framework; sourceTree = SDKROOT; };
		82C4EB86197F1D0F007E8651 /* CoreGraphics.framework */ = {isa = PBXFileReference; lastKnownFileType = wrapper.framework; name = CoreGraphics.framework; path = System/Library/Frameworks/CoreGraphics.framework; sourceTree = SDKROOT; };
		82C4EB88197F1D0F007E8651 /* UIKit.framework */ = {isa = PBXFileReference; lastKnownFileType = wrapper.framework; name = UIKit.framework; path = System/Library/Frameworks/UIKit.framework; sourceTree = SDKROOT; };
		82C4EB8C197F1D0F007E8651 /* saleCalculator2-Info.plist */ = {isa = PBXFileReference; lastKnownFileType = text.plist.xml; path = "saleCalculator2-Info.plist"; sourceTree = "<group>"; };
		82C4EB8E197F1D0F007E8651 /* en */ = {isa = PBXFileReference; lastKnownFileType = text.plist.strings; name = en; path = en.lproj/InfoPlist.strings; sourceTree = "<group>"; };
		82C4EB90197F1D0F007E8651 /* main.m */ = {isa = PBXFileReference; lastKnownFileType = sourcecode.c.objc; path = main.m; sourceTree = "<group>"; };
		82C4EB92197F1D0F007E8651 /* saleCalculator2-Prefix.pch */ = {isa = PBXFileReference; lastKnownFileType = sourcecode.c.h; path = "saleCalculator2-Prefix.pch"; sourceTree = "<group>"; };
		82C4EB93197F1D0F007E8651 /* AppDelegate.h */ = {isa = PBXFileReference; lastKnownFileType = sourcecode.c.h; path = AppDelegate.h; sourceTree = "<group>"; };
		82C4EB94197F1D0F007E8651 /* AppDelegate.m */ = {isa = PBXFileReference; lastKnownFileType = sourcecode.c.objc; path = AppDelegate.m; sourceTree = "<group>"; };
		82C4EB97197F1D0F007E8651 /* Base */ = {isa = PBXFileReference; lastKnownFileType = file.storyboard; name = Base; path = Base.lproj/Main.storyboard; sourceTree = "<group>"; };
		82C4EB99197F1D0F007E8651 /* ViewController.h */ = {isa = PBXFileReference; lastKnownFileType = sourcecode.c.h; path = ViewController.h; sourceTree = "<group>"; };
		82C4EB9A197F1D0F007E8651 /* ViewController.m */ = {isa = PBXFileReference; lastKnownFileType = sourcecode.c.objc; path = ViewController.m; sourceTree = "<group>"; };
		82C4EB9C197F1D0F007E8651 /* Images.xcassets */ = {isa = PBXFileReference; lastKnownFileType = folder.assetcatalog; path = Images.xcassets; sourceTree = "<group>"; };
		82C4EBA2197F1D0F007E8651 /* saleCalculator2Tests.xctest */ = {isa = PBXFileReference; explicitFileType = wrapper.cfbundle; includeInIndex = 0; path = saleCalculator2Tests.xctest; sourceTree = BUILT_PRODUCTS_DIR; };
		82C4EBA3197F1D0F007E8651 /* XCTest.framework */ = {isa = PBXFileReference; lastKnownFileType = wrapper.framework; name = XCTest.framework; path = Library/Frameworks/XCTest.framework; sourceTree = DEVELOPER_DIR; };
		82C4EBAB197F1D0F007E8651 /* saleCalculator2Tests-Info.plist */ = {isa = PBXFileReference; lastKnownFileType = text.plist.xml; path = "saleCalculator2Tests-Info.plist"; sourceTree = "<group>"; };
		82C4EBAD197F1D0F007E8651 /* en */ = {isa = PBXFileReference; lastKnownFileType = text.plist.strings; name = en; path = en.lproj/InfoPlist.strings; sourceTree = "<group>"; };
		82C4EBAF197F1D0F007E8651 /* saleCalculator2Tests.m */ = {isa = PBXFileReference; lastKnownFileType = sourcecode.c.objc; path = saleCalculator2Tests.m; sourceTree = "<group>"; };
/* End PBXFileReference section */

/* Begin PBXFrameworksBuildPhase section */
		82C4EB7E197F1D0F007E8651 /* Frameworks */ = {
			isa = PBXFrameworksBuildPhase;
			buildActionMask = 2147483647;
			files = (
				82C4EB87197F1D0F007E8651 /* CoreGraphics.framework in Frameworks */,
				82C4EB89197F1D0F007E8651 /* UIKit.framework in Frameworks */,
				82C4EB85197F1D0F007E8651 /* Foundation.framework in Frameworks */,
			);
			runOnlyForDeploymentPostprocessing = 0;
		};
		82C4EB9F197F1D0F007E8651 /* Frameworks */ = {
			isa = PBXFrameworksBuildPhase;
			buildActionMask = 2147483647;
			files = (
				82C4EBA4197F1D0F007E8651 /* XCTest.framework in Frameworks */,
				82C4EBA6197F1D0F007E8651 /* UIKit.framework in Frameworks */,
				82C4EBA5197F1D0F007E8651 /* Foundation.framework in Frameworks */,
			);
			runOnlyForDeploymentPostprocessing = 0;
		};
/* End PBXFrameworksBuildPhase section */

/* Begin PBXGroup section */
		82C4EB78197F1D0F007E8651 = {
			isa = PBXGroup;
			children = (
				82C4EB8A197F1D0F007E8651 /* saleCalculator2 */,
				82C4EBA9197F1D0F007E8651 /* saleCalculator2Tests */,
				82C4EB83197F1D0F007E8651 /* Frameworks */,
				82C4EB82197F1D0F007E8651 /* Products */,
			);
			sourceTree = "<group>";
		};
		82C4EB82197F1D0F007E8651 /* Products */ = {
			isa = PBXGroup;
			children = (
				82C4EB81197F1D0F007E8651 /* saleCalculator2.app */,
				82C4EBA2197F1D0F007E8651 /* saleCalculator2Tests.xctest */,
			);
			name = Products;
			sourceTree = "<group>";
		};
		82C4EB83197F1D0F007E8651 /* Frameworks */ = {
			isa = PBXGroup;
			children = (
				82C4EB84197F1D0F007E8651 /* Foundation.framework */,
				82C4EB86197F1D0F007E8651 /* CoreGraphics.framework */,
				82C4EB88197F1D0F007E8651 /* UIKit.framework */,
				82C4EBA3197F1D0F007E8651 /* XCTest.framework */,
			);
			name = Frameworks;
			sourceTree = "<group>";
		};
		82C4EB8A197F1D0F007E8651 /* saleCalculator2 */ = {
			isa = PBXGroup;
			children = (
				82C4EB93197F1D0F007E8651 /* AppDelegate.h */,
				82C4EB94197F1D0F007E8651 /* AppDelegate.m */,
				82C4EB96197F1D0F007E8651 /* Main.storyboard */,
				82C4EB99197F1D0F007E8651 /* ViewController.h */,
				82C4EB9A197F1D0F007E8651 /* ViewController.m */,
				82C4EB9C197F1D0F007E8651 /* Images.xcassets */,
				82C4EB8B197F1D0F007E8651 /* Supporting Files */,
			);
			path = saleCalculator2;
			sourceTree = "<group>";
		};
		82C4EB8B197F1D0F007E8651 /* Supporting Files */ = {
			isa = PBXGroup;
			children = (
				82C4EB8C197F1D0F007E8651 /* saleCalculator2-Info.plist */,
				82C4EB8D197F1D0F007E8651 /* InfoPlist.strings */,
				82C4EB90197F1D0F007E8651 /* main.m */,
				82C4EB92197F1D0F007E8651 /* saleCalculator2-Prefix.pch */,
			);
			name = "Supporting Files";
			sourceTree = "<group>";
		};
		82C4EBA9197F1D0F007E8651 /* saleCalculator2Tests */ = {
			isa = PBXGroup;
			children = (
				82C4EBAF197F1D0F007E8651 /* saleCalculator2Tests.m */,
				82C4EBAA197F1D0F007E8651 /* Supporting Files */,
			);
			path = saleCalculator2Tests;
			sourceTree = "<group>";
		};
		82C4EBAA197F1D0F007E8651 /* Supporting Files */ = {
			isa = PBXGroup;
			children = (
				82C4EBAB197F1D0F007E8651 /* saleCalculator2Tests-Info.plist */,
				82C4EBAC197F1D0F007E8651 /* InfoPlist.strings */,
			);
			name = "Supporting Files";
			sourceTree = "<group>";
		};
/* End PBXGroup section */

/* Begin PBXNativeTarget section */
		82C4EB80197F1D0F007E8651 /* saleCalculator2 */ = {
			isa = PBXNativeTarget;
			buildConfigurationList = 82C4EBB3197F1D0F007E8651 /* Build configuration list for PBXNativeTarget "saleCalculator2" */;
			buildPhases = (
				82C4EB7D197F1D0F007E8651 /* Sources */,
				82C4EB7E197F1D0F007E8651 /* Frameworks */,
				82C4EB7F197F1D0F007E8651 /* Resources */,
			);
			buildRules = (
			);
			dependencies = (
			);
			name = saleCalculator2;
			productName = saleCalculator2;
			productReference = 82C4EB81197F1D0F007E8651 /* saleCalculator2.app */;
			productType = "com.apple.product-type.application";
		};
		82C4EBA1197F1D0F007E8651 /* saleCalculator2Tests */ = {
			isa = PBXNativeTarget;
			buildConfigurationList = 82C4EBB6197F1D0F007E8651 /* Build configuration list for PBXNativeTarget "saleCalculator2Tests" */;
			buildPhases = (
				82C4EB9E197F1D0F007E8651 /* Sources */,
				82C4EB9F197F1D0F007E8651 /* Frameworks */,
				82C4EBA0197F1D0F007E8651 /* Resources */,
			);
			buildRules = (
			);
			dependencies = (
				82C4EBA8197F1D0F007E8651 /* PBXTargetDependency */,
			);
			name = saleCalculator2Tests;
			productName = saleCalculator2Tests;
			productReference = 82C4EBA2197F1D0F007E8651 /* saleCalculator2Tests.xctest */;
			productType = "com.apple.product-type.bundle.unit-test";
		};
/* End PBXNativeTarget section */

/* Begin PBXProject section */
		82C4EB79197F1D0F007E8651 /* Project object */ = {
			isa = PBXProject;
			attributes = {
				LastUpgradeCheck = 0510;
				ORGANIZATIONNAME = "Stephanie Raad";
				TargetAttributes = {
					82C4EBA1197F1D0F007E8651 = {
						TestTargetID = 82C4EB80197F1D0F007E8651;
					};
				};
			};
			buildConfigurationList = 82C4EB7C197F1D0F007E8651 /* Build configuration list for PBXProject "saleCalculator2" */;
			compatibilityVersion = "Xcode 3.2";
			developmentRegion = English;
			hasScannedForEncodings = 0;
			knownRegions = (
				en,
				Base,
			);
			mainGroup = 82C4EB78197F1D0F007E8651;
			productRefGroup = 82C4EB82197F1D0F007E8651 /* Products */;
			projectDirPath = "";
			projectRoot = "";
			targets = (
				82C4EB80197F1D0F007E8651 /* saleCalculator2 */,
				82C4EBA1197F1D0F007E8651 /* saleCalculator2Tests */,
			);
		};
/* End PBXProject section */

/* Begin PBXResourcesBuildPhase section */
		82C4EB7F197F1D0F007E8651 /* Resources */ = {
			isa = PBXResourcesBuildPhase;
			buildActionMask = 2147483647;
			files = (
				82C4EB9D197F1D0F007E8651 /* Images.xcassets in Resources */,
				82C4EB8F197F1D0F007E8651 /* InfoPlist.strings in Resources */,
				82C4EB98197F1D0F007E8651 /* Main.storyboard in Resources */,
			);
			runOnlyForDeploymentPostprocessing = 0;
		};
		82C4EBA0197F1D0F007E8651 /* Resources */ = {
			isa = PBXResourcesBuildPhase;
			buildActionMask = 2147483647;
			files = (
				82C4EBAE197F1D0F007E8651 /* InfoPlist.strings in Resources */,
			);
			runOnlyForDeploymentPostprocessing = 0;
		};
/* End PBXResourcesBuildPhase section */

/* Begin PBXSourcesBuildPhase section */
		82C4EB7D197F1D0F007E8651 /* Sources */ = {
			isa = PBXSourcesBuildPhase;
			buildActionMask = 2147483647;
			files = (
				82C4EB9B197F1D0F007E8651 /* ViewController.m in Sources */,
				82C4EB95197F1D0F007E8651 /* AppDelegate.m in Sources */,
				82C4EB91197F1D0F007E8651 /* main.m in Sources */,
			);
			runOnlyForDeploymentPostprocessing = 0;
		};
		82C4EB9E197F1D0F007E8651 /* Sources */ = {
			isa = PBXSourcesBuildPhase;
			buildActionMask = 2147483647;
			files = (
				82C4EBB0197F1D0F007E8651 /* saleCalculator2Tests.m in Sources */,
			);
			runOnlyForDeploymentPostprocessing = 0;
		};
/* End PBXSourcesBuildPhase section */

/* Begin PBXTargetDependency section */
		82C4EBA8197F1D0F007E8651 /* PBXTargetDependency */ = {
			isa = PBXTargetDependency;
			target = 82C4EB80197F1D0F007E8651 /* saleCalculator2 */;
			targetProxy = 82C4EBA7197F1D0F007E8651 /* PBXContainerItemProxy */;
		};
/* End PBXTargetDependency section */

/* Begin PBXVariantGroup section */
		82C4EB8D197F1D0F007E8651 /* InfoPlist.strings */ = {
			isa = PBXVariantGroup;
			children = (
				82C4EB8E197F1D0F007E8651 /* en */,
			);
			name = InfoPlist.strings;
			sourceTree = "<group>";
		};
		82C4EB96197F1D0F007E8651 /* Main.storyboard */ = {
			isa = PBXVariantGroup;
			children = (
				82C4EB97197F1D0F007E8651 /* Base */,
			);
			name = Main.storyboard;
			sourceTree = "<group>";
		};
		82C4EBAC197F1D0F007E8651 /* InfoPlist.strings */ = {
			isa = PBXVariantGroup;
			children = (
				82C4EBAD197F1D0F007E8651 /* en */,
			);
			name = InfoPlist.strings;
			sourceTree = "<group>";
		};
/* End PBXVariantGroup section */

/* Begin XCBuildConfiguration section */
		82C4EBB1197F1D0F007E8651 /* Debug */ = {
			isa = XCBuildConfiguration;
			buildSettings = {
				ALWAYS_SEARCH_USER_PATHS = NO;
				CLANG_CXX_LANGUAGE_STANDARD = "gnu++0x";
				CLANG_CXX_LIBRARY = "libc++";
				CLANG_ENABLE_MODULES = YES;
				CLANG_ENABLE_OBJC_ARC = YES;
				CLANG_WARN_BOOL_CONVERSION = YES;
				CLANG_WARN_CONSTANT_CONVERSION = YES;
				CLANG_WARN_DIRECT_OBJC_ISA_USAGE = YES_ERROR;
				CLANG_WARN_EMPTY_BODY = YES;
				CLANG_WARN_ENUM_CONVERSION = YES;
				CLANG_WARN_INT_CONVERSION = YES;
				CLANG_WARN_OBJC_ROOT_CLASS = YES_ERROR;
				CLANG_WARN__DUPLICATE_METHOD_MATCH = YES;
				"CODE_SIGN_IDENTITY[sdk=iphoneos*]" = "iPhone Developer";
				COPY_PHASE_STRIP = NO;
				GCC_C_LANGUAGE_STANDARD = gnu99;
				GCC_DYNAMIC_NO_PIC = NO;
				GCC_OPTIMIZATION_LEVEL = 0;
				GCC_PREPROCESSOR_DEFINITIONS = (
					"DEBUG=1",
					"$(inherited)",
				);
				GCC_SYMBOLS_PRIVATE_EXTERN = NO;
				GCC_WARN_64_TO_32_BIT_CONVERSION = YES;
				GCC_WARN_ABOUT_RETURN_TYPE = YES_ERROR;
				GCC_WARN_UNDECLARED_SELECTOR = YES;
				GCC_WARN_UNINITIALIZED_AUTOS = YES_AGGRESSIVE;
				GCC_WARN_UNUSED_FUNCTION = YES;
				GCC_WARN_UNUSED_VARIABLE = YES;
				IPHONEOS_DEPLOYMENT_TARGET = 7.1;
				ONLY_ACTIVE_ARCH = YES;
				SDKROOT = iphoneos;
			};
			name = Debug;
		};
		82C4EBB2197F1D0F007E8651 /* Release */ = {
			isa = XCBuildConfiguration;
			buildSettings = {
				ALWAYS_SEARCH_USER_PATHS = NO;
				CLANG_CXX_LANGUAGE_STANDARD = "gnu++0x";
				CLANG_CXX_LIBRARY = "libc++";
				CLANG_ENABLE_MODULES = YES;
				CLANG_ENABLE_OBJC_ARC = YES;
				CLANG_WARN_BOOL_CONVERSION = YES;
				CLANG_WARN_CONSTANT_CONVERSION = YES;
				CLANG_WARN_DIRECT_OBJC_ISA_USAGE = YES_ERROR;
				CLANG_WARN_EMPTY_BODY = YES;
				CLANG_WARN_ENUM_CONVERSION = YES;
				CLANG_WARN_INT_CONVERSION = YES;
				CLANG_WARN_OBJC_ROOT_CLASS = YES_ERROR;
				CLANG_WARN__DUPLICATE_METHOD_MATCH = YES;
				"CODE_SIGN_IDENTITY[sdk=iphoneos*]" = "iPhone Developer";
				COPY_PHASE_STRIP = YES;
				ENABLE_NS_ASSERTIONS = NO;
				GCC_C_LANGUAGE_STANDARD = gnu99;
				GCC_WARN_64_TO_32_BIT_CONVERSION = YES;
				GCC_WARN_ABOUT_RETURN_TYPE = YES_ERROR;
				GCC_WARN_UNDECLARED_SELECTOR = YES;
				GCC_WARN_UNINITIALIZED_AUTOS = YES_AGGRESSIVE;
				GCC_WARN_UNUSED_FUNCTION = YES;
				GCC_WARN_UNUSED_VARIABLE = YES;
				IPHONEOS_DEPLOYMENT_TARGET = 7.1;
				SDKROOT = iphoneos;
				VALIDATE_PRODUCT = YES;
			};
			name = Release;
		};
		82C4EBB4197F1D0F007E8651 /* Debug */ = {
			isa = XCBuildConfiguration;
			buildSettings = {
				ASSETCATALOG_COMPILER_APPICON_NAME = AppIcon;
				ASSETCATALOG_COMPILER_LAUNCHIMAGE_NAME = LaunchImage;
				GCC_PRECOMPILE_PREFIX_HEADER = YES;
				GCC_PREFIX_HEADER = "saleCalculator2/saleCalculator2-Prefix.pch";
				INFOPLIST_FILE = "saleCalculator2/saleCalculator2-Info.plist";
				PRODUCT_NAME = "$(TARGET_NAME)";
				WRAPPER_EXTENSION = app;
			};
			name = Debug;
		};
		82C4EBB5197F1D0F007E8651 /* Release */ = {
			isa = XCBuildConfiguration;
			buildSettings = {
				ASSETCATALOG_COMPILER_APPICON_NAME = AppIcon;
				ASSETCATALOG_COMPILER_LAUNCHIMAGE_NAME = LaunchImage;
				GCC_PRECOMPILE_PREFIX_HEADER = YES;
				GCC_PREFIX_HEADER = "saleCalculator2/saleCalculator2-Prefix.pch";
				INFOPLIST_FILE = "saleCalculator2/saleCalculator2-Info.plist";
				PRODUCT_NAME = "$(TARGET_NAME)";
				WRAPPER_EXTENSION = app;
			};
			name = Release;
		};
		82C4EBB7197F1D0F007E8651 /* Debug */ = {
			isa = XCBuildConfiguration;
			buildSettings = {
				BUNDLE_LOADER = "$(BUILT_PRODUCTS_DIR)/saleCalculator2.app/saleCalculator2";
				FRAMEWORK_SEARCH_PATHS = (
					"$(SDKROOT)/Developer/Library/Frameworks",
					"$(inherited)",
					"$(DEVELOPER_FRAMEWORKS_DIR)",
				);
				GCC_PRECOMPILE_PREFIX_HEADER = YES;
				GCC_PREFIX_HEADER = "saleCalculator2/saleCalculator2-Prefix.pch";
				GCC_PREPROCESSOR_DEFINITIONS = (
					"DEBUG=1",
					"$(inherited)",
				);
				INFOPLIST_FILE = "saleCalculator2Tests/saleCalculator2Tests-Info.plist";
				PRODUCT_NAME = "$(TARGET_NAME)";
				TEST_HOST = "$(BUNDLE_LOADER)";
				WRAPPER_EXTENSION = xctest;
			};
			name = Debug;
		};
		82C4EBB8197F1D0F007E8651 /* Release */ = {
			isa = XCBuildConfiguration;
			buildSettings = {
				BUNDLE_LOADER = "$(BUILT_PRODUCTS_DIR)/saleCalculator2.app/saleCalculator2";
				FRAMEWORK_SEARCH_PATHS = (
					"$(SDKROOT)/Developer/Library/Frameworks",
					"$(inherited)",
					"$(DEVELOPER_FRAMEWORKS_DIR)",
				);
				GCC_PRECOMPILE_PREFIX_HEADER = YES;
				GCC_PREFIX_HEADER = "saleCalculator2/saleCalculator2-Prefix.pch";
				INFOPLIST_FILE = "saleCalculator2Tests/saleCalculator2Tests-Info.plist";
				PRODUCT_NAME = "$(TARGET_NAME)";
				TEST_HOST = "$(BUNDLE_LOADER)";
				WRAPPER_EXTENSION = xctest;
			};
			name = Release;
		};
/* End XCBuildConfiguration section */

/* Begin XCConfigurationList section */
		82C4EB7C197F1D0F007E8651 /* Build configuration list for PBXProject "saleCalculator2" */ = {
			isa = XCConfigurationList;
			buildConfigurations = (
				82C4EBB1197F1D0F007E8651 /* Debug */,
				82C4EBB2197F1D0F007E8651 /* Release */,
			);
			defaultConfigurationIsVisible = 0;
			defaultConfigurationName = Release;
		};
		82C4EBB3197F1D0F007E8651 /* Build configuration list for PBXNativeTarget "saleCalculator2" */ = {
			isa = XCConfigurationList;
			buildConfigurations = (
				82C4EBB4197F1D0F007E8651 /* Debug */,
				82C4EBB5197F1D0F007E8651 /* Release */,
			);
			defaultConfigurationIsVisible = 0;
		};
		82C4EBB6197F1D0F007E8651 /* Build configuration list for PBXNativeTarget "saleCalculator2Tests" */ = {
			isa = XCConfigurationList;
			buildConfigurations = (
				82C4EBB7197F1D0F007E8651 /* Debug */,
				82C4EBB8197F1D0F007E8651 /* Release */,
			);
			defaultConfigurationIsVisible = 0;
		};
/* End XCConfigurationList section */
	};
	rootObject = 82C4EB79197F1D0F007E8651 /* Project object */;
}
